Microsoft Visual Studio Solution File, Format Version 9.00
# Visual Studio 2005
Project("{FAE04EC0-301F-11D3-BF4B-00C04F79EFBC}") = "ServGames", "ServGames.csproj", "{1251EBB4-5A61-4440-8FBA-AF1A387AE271}"
EndProject
Project("{54435603-DBB4-11D2-8724-00A0C9A8B90C}") = "ServGamesIntaller", "..\SERVGAMESINSTALADOR\SergGamesIntaller.vdproj", "{B57337E0-626C-4B77-AC9C-4213617FC892}"
EndProject
Global
	GlobalSection(SolutionConfigurationPlatforms) = preSolution
		Debug|Any CPU = Debug|Any CPU
		Release|Any CPU = Release|Any CPU
	EndGlobalSection
	GlobalSection(ProjectConfigurationPlatforms) = postSolution
		{1251EBB4-5A61-4440-8FBA-AF1A387AE271}.Debug|Any CPU.ActiveCfg = Debug|Any CPU
		{1251EBB4-5A61-4440-8FBA-AF1A387AE271}.Debug|Any CPU.Build.0 = Debug|Any CPU
		{1251EBB4-5A61-4440-8FBA-AF1A387AE271}.Release|Any CPU.ActiveCfg = Release|Any CPU
		{1251EBB4-5A61-4440-8FBA-AF1A387AE271}.Release|Any CPU.Build.0 = Release|Any CPU
		{B57337E0-626C-4B77-AC9C-4213617FC892}.Debug|Any CPU.ActiveCfg = Debug
		{B57337E0-626C-4B77-AC9C-4213617FC892}.Release|Any CPU.ActiveCfg = Release
	EndGlobalSection
	GlobalSection(SolutionProperties) = preSolution
		HideSolutionNode = FALSE
	EndGlobalSection
EndGlobal
