Microsoft Visual Studio Solution File, Format Version 8.00
Project("{FAE04EC0-301F-11D3-BF4B-00C04F79EFBC}") = "MandaDigitos", "MandaDigitos.csproj", "{EA654D73-E285-45CA-A5F1-A401E25BBB78}"
	ProjectSection(ProjectDependencies) = postProject
	EndProjectSection
EndProject
Global
	GlobalSection(SolutionConfiguration) = preSolution
		Debug = Debug
		Release = Release
	EndGlobalSection
	GlobalSection(ProjectConfiguration) = postSolution
		{EA654D73-E285-45CA-A5F1-A401E25BBB78}.Debug.ActiveCfg = Debug|.NET
		{EA654D73-E285-45CA-A5F1-A401E25BBB78}.Debug.Build.0 = Debug|.NET
		{EA654D73-E285-45CA-A5F1-A401E25BBB78}.Release.ActiveCfg = Release|.NET
		{EA654D73-E285-45CA-A5F1-A401E25BBB78}.Release.Build.0 = Release|.NET
	EndGlobalSection
	GlobalSection(ExtensibilityGlobals) = postSolution
	EndGlobalSection
	GlobalSection(ExtensibilityAddIns) = postSolution
	EndGlobalSection
EndGlobal
